
Microsoft Visual Studio Solution File, Format Version 12.00
# Visual Studio Version 17
VisualStudioVersion = 17.11.35327.3
MinimumVisualStudioVersion = 10.0.40219.1
Project("{FAE04EC0-301F-11D3-BF4B-00C04F79EFBC}") = "FirstApplication", "FirstApplication\FirstApplication.csproj", "{5A6DD9A7-FEDB-48AC-B66A-FA568D25C51A}"
EndProject
Global
	GlobalSection(SolutionConfigurationPlatforms) = preSolution
		Debug|Any CPU = Debug|Any CPU
		Release|Any CPU = Release|Any CPU
	EndGlobalSection
	GlobalSection(ProjectConfigurationPlatforms) = postSolution
		{5A6DD9A7-FEDB-48AC-B66A-FA568D25C51A}.Debug|Any CPU.ActiveCfg = Debug|Any CPU
		{5A6DD9A7-FEDB-48AC-B66A-FA568D25C51A}.Debug|Any CPU.Build.0 = Debug|Any CPU
		{5A6DD9A7-FEDB-48AC-B66A-FA568D25C51A}.Release|Any CPU.ActiveCfg = Release|Any CPU
		{5A6DD9A7-FEDB-48AC-B66A-FA568D25C51A}.Release|Any CPU.Build.0 = Release|Any CPU
	EndGlobalSection
	GlobalSection(SolutionProperties) = preSolution
		HideSolutionNode = FALSE
	EndGlobalSection
	GlobalSection(ExtensibilityGlobals) = postSolution
		SolutionGuid = {174A160A-E9CD-4A4D-A23F-5916EEE6CF67}
	EndGlobalSection
EndGlobal
