
Microsoft Visual Studio Solution File, Format Version 12.00
# Visual Studio Version 17
VisualStudioVersion = 17.11.35327.3
MinimumVisualStudioVersion = 10.0.40219.1
Project("{FAE04EC0-301F-11D3-BF4B-00C04F79EFBC}") = "Validation", "Validation\Validation.csproj", "{382226E1-997D-43E0-85C0-FBF31892E838}"
EndProject
Global
	GlobalSection(SolutionConfigurationPlatforms) = preSolution
		Debug|Any CPU = Debug|Any CPU
		Release|Any CPU = Release|Any CPU
	EndGlobalSection
	GlobalSection(ProjectConfigurationPlatforms) = postSolution
		{382226E1-997D-43E0-85C0-FBF31892E838}.Debug|Any CPU.ActiveCfg = Debug|Any CPU
		{382226E1-997D-43E0-85C0-FBF31892E838}.Debug|Any CPU.Build.0 = Debug|Any CPU
		{382226E1-997D-43E0-85C0-FBF31892E838}.Release|Any CPU.ActiveCfg = Release|Any CPU
		{382226E1-997D-43E0-85C0-FBF31892E838}.Release|Any CPU.Build.0 = Release|Any CPU
	EndGlobalSection
	GlobalSection(SolutionProperties) = preSolution
		HideSolutionNode = FALSE
	EndGlobalSection
	GlobalSection(ExtensibilityGlobals) = postSolution
		SolutionGuid = {B34EE917-3678-4D8B-8040-AC7B50D23E19}
	EndGlobalSection
EndGlobal
